
Microsoft Visual Studio Solution File, Format Version 12.00
Project("{FAE04EC0-301F-11D3-BF4B-00C04F79EFBC}") = "restaurant_backend", "restaurant_backend\restaurant_backend.csproj", "{F1CD02E9-9BE4-49E6-A5C6-BC18A34CE9F1}"
EndProject
Global
	GlobalSection(SolutionConfigurationPlatforms) = preSolution
		Debug|Any CPU = Debug|Any CPU
		Release|Any CPU = Release|Any CPU
	EndGlobalSection
	GlobalSection(ProjectConfigurationPlatforms) = postSolution
		{F1CD02E9-9BE4-49E6-A5C6-BC18A34CE9F1}.Debug|Any CPU.ActiveCfg = Debug|Any CPU
		{F1CD02E9-9BE4-49E6-A5C6-BC18A34CE9F1}.Debug|Any CPU.Build.0 = Debug|Any CPU
		{F1CD02E9-9BE4-49E6-A5C6-BC18A34CE9F1}.Release|Any CPU.ActiveCfg = Release|Any CPU
		{F1CD02E9-9BE4-49E6-A5C6-BC18A34CE9F1}.Release|Any CPU.Build.0 = Release|Any CPU
	EndGlobalSection
EndGlobal
